
Microsoft Visual Studio Solution File, Format Version 12.00
# Visual Studio Version 16
VisualStudioVersion = 16.0.29920.165
MinimumVisualStudioVersion = 10.0.40219.1
Project("{FAE04EC0-301F-11D3-BF4B-00C04F79EFBC}") = "DataManager", "DataManager\DataManager.csproj", "{E7744736-4171-4250-8470-352C77C2C4BD}"
EndProject
Project("{FAE04EC0-301F-11D3-BF4B-00C04F79EFBC}") = "DataProvider", "DataProvider\DataProvider.csproj", "{706085F7-FE9D-4C48-A317-4E500CD8CAFB}"
EndProject
Project("{9A19103F-16F7-4668-BE54-9A1E7A4F7556}") = "Models", "Models\Models.csproj", "{BEB58624-7608-486F-8942-99D06A0A869C}"
EndProject
Project("{9A19103F-16F7-4668-BE54-9A1E7A4F7556}") = "BusinessLogic", "BusinessLogic\BusinessLogic.csproj", "{45731F17-6A8F-418B-9BA1-9D02FD8BFF19}"
EndProject
Project("{9A19103F-16F7-4668-BE54-9A1E7A4F7556}") = "Helpers", "Helpers\Helpers.csproj", "{F4EA60F3-F5AF-4A82-AC80-92EF0EE8168E}"
EndProject
Project("{9A19103F-16F7-4668-BE54-9A1E7A4F7556}") = "Catalogs", "Catalogs\Catalogs.csproj", "{2B92D596-BC79-4A45-87E7-00B2744880F6}"
EndProject
Project("{9A19103F-16F7-4668-BE54-9A1E7A4F7556}") = "API", "API\API.csproj", "{6F074D26-B7BF-4FFA-88C2-1E808517A286}"
EndProject
Project("{9A19103F-16F7-4668-BE54-9A1E7A4F7556}") = "EntityProvider", "EntityProvider\EntityProvider.csproj", "{DF9E694E-8113-4DD3-90F3-648C3124A4A1}"
EndProject
Project("{FAE04EC0-301F-11D3-BF4B-00C04F79EFBC}") = "AuditProvider", "Audit\AuditProvider.csproj", "{13179767-955F-43C5-B635-8285AA342073}"
EndProject
Global
	GlobalSection(SolutionConfigurationPlatforms) = preSolution
		Debug|Any CPU = Debug|Any CPU
		Release|Any CPU = Release|Any CPU
	EndGlobalSection
	GlobalSection(ProjectConfigurationPlatforms) = postSolution
		{E7744736-4171-4250-8470-352C77C2C4BD}.Debug|Any CPU.ActiveCfg = Debug|Any CPU
		{E7744736-4171-4250-8470-352C77C2C4BD}.Debug|Any CPU.Build.0 = Debug|Any CPU
		{E7744736-4171-4250-8470-352C77C2C4BD}.Release|Any CPU.ActiveCfg = Release|Any CPU
		{E7744736-4171-4250-8470-352C77C2C4BD}.Release|Any CPU.Build.0 = Release|Any CPU
		{706085F7-FE9D-4C48-A317-4E500CD8CAFB}.Debug|Any CPU.ActiveCfg = Debug|Any CPU
		{706085F7-FE9D-4C48-A317-4E500CD8CAFB}.Debug|Any CPU.Build.0 = Debug|Any CPU
		{706085F7-FE9D-4C48-A317-4E500CD8CAFB}.Release|Any CPU.ActiveCfg = Release|Any CPU
		{706085F7-FE9D-4C48-A317-4E500CD8CAFB}.Release|Any CPU.Build.0 = Release|Any CPU
		{BEB58624-7608-486F-8942-99D06A0A869C}.Debug|Any CPU.ActiveCfg = Debug|Any CPU
		{BEB58624-7608-486F-8942-99D06A0A869C}.Debug|Any CPU.Build.0 = Debug|Any CPU
		{BEB58624-7608-486F-8942-99D06A0A869C}.Release|Any CPU.ActiveCfg = Release|Any CPU
		{BEB58624-7608-486F-8942-99D06A0A869C}.Release|Any CPU.Build.0 = Release|Any CPU
		{45731F17-6A8F-418B-9BA1-9D02FD8BFF19}.Debug|Any CPU.ActiveCfg = Debug|Any CPU
		{45731F17-6A8F-418B-9BA1-9D02FD8BFF19}.Debug|Any CPU.Build.0 = Debug|Any CPU
		{45731F17-6A8F-418B-9BA1-9D02FD8BFF19}.Release|Any CPU.ActiveCfg = Release|Any CPU
		{45731F17-6A8F-418B-9BA1-9D02FD8BFF19}.Release|Any CPU.Build.0 = Release|Any CPU
		{F4EA60F3-F5AF-4A82-AC80-92EF0EE8168E}.Debug|Any CPU.ActiveCfg = Debug|Any CPU
		{F4EA60F3-F5AF-4A82-AC80-92EF0EE8168E}.Debug|Any CPU.Build.0 = Debug|Any CPU
		{F4EA60F3-F5AF-4A82-AC80-92EF0EE8168E}.Release|Any CPU.ActiveCfg = Release|Any CPU
		{F4EA60F3-F5AF-4A82-AC80-92EF0EE8168E}.Release|Any CPU.Build.0 = Release|Any CPU
		{2B92D596-BC79-4A45-87E7-00B2744880F6}.Debug|Any CPU.ActiveCfg = Debug|Any CPU
		{2B92D596-BC79-4A45-87E7-00B2744880F6}.Debug|Any CPU.Build.0 = Debug|Any CPU
		{2B92D596-BC79-4A45-87E7-00B2744880F6}.Release|Any CPU.ActiveCfg = Release|Any CPU
		{2B92D596-BC79-4A45-87E7-00B2744880F6}.Release|Any CPU.Build.0 = Release|Any CPU
		{6F074D26-B7BF-4FFA-88C2-1E808517A286}.Debug|Any CPU.ActiveCfg = Debug|Any CPU
		{6F074D26-B7BF-4FFA-88C2-1E808517A286}.Debug|Any CPU.Build.0 = Debug|Any CPU
		{6F074D26-B7BF-4FFA-88C2-1E808517A286}.Release|Any CPU.ActiveCfg = Release|Any CPU
		{6F074D26-B7BF-4FFA-88C2-1E808517A286}.Release|Any CPU.Build.0 = Release|Any CPU
		{DF9E694E-8113-4DD3-90F3-648C3124A4A1}.Debug|Any CPU.ActiveCfg = Debug|Any CPU
		{DF9E694E-8113-4DD3-90F3-648C3124A4A1}.Debug|Any CPU.Build.0 = Debug|Any CPU
		{DF9E694E-8113-4DD3-90F3-648C3124A4A1}.Release|Any CPU.ActiveCfg = Release|Any CPU
		{DF9E694E-8113-4DD3-90F3-648C3124A4A1}.Release|Any CPU.Build.0 = Release|Any CPU
		{13179767-955F-43C5-B635-8285AA342073}.Debug|Any CPU.ActiveCfg = Debug|Any CPU
		{13179767-955F-43C5-B635-8285AA342073}.Debug|Any CPU.Build.0 = Debug|Any CPU
		{13179767-955F-43C5-B635-8285AA342073}.Release|Any CPU.ActiveCfg = Release|Any CPU
		{13179767-955F-43C5-B635-8285AA342073}.Release|Any CPU.Build.0 = Release|Any CPU
	EndGlobalSection
	GlobalSection(SolutionProperties) = preSolution
		HideSolutionNode = FALSE
	EndGlobalSection
	GlobalSection(ExtensibilityGlobals) = postSolution
		SolutionGuid = {1694FFB5-7622-47D6-801F-EDCF944650C5}
	EndGlobalSection
EndGlobal
